
Microsoft Visual Studio Solution File, Format Version 12.00
# Visual Studio Version 17
VisualStudioVersion = 17.9.34607.119
MinimumVisualStudioVersion = 10.0.40219.1
Project("{9A19103F-16F7-4668-BE54-9A1E7A4F7556}") = "DroidBridgeReborn", "DroidBridgeReborn\DroidBridgeReborn.csproj", "{85B8F53B-20E8-4BBA-A9EB-BA7401CB20BB}"
EndProject
Project("{9A19103F-16F7-4668-BE54-9A1E7A4F7556}") = "AdbCore", "AdbCore\AdbCore.csproj", "{B1D2093B-CAF5-4776-BC36-CD94D65A4645}"
EndProject
Project("{9A19103F-16F7-4668-BE54-9A1E7A4F7556}") = "Utils", "Utils\Utils.csproj", "{77283EA1-A1E2-449A-A90B-3740AF7367F4}"
EndProject
Project("{9A19103F-16F7-4668-BE54-9A1E7A4F7556}") = "CustomControlsLib", "CustomControlsLib\CustomControlsLib.csproj", "{9FFD1C15-BBAB-498B-BED3-B186B739FE23}"
EndProject
Project("{9A19103F-16F7-4668-BE54-9A1E7A4F7556}") = "ObjectResizerBase", "ObjectResizerBase\ObjectResizerBase.csproj", "{CA3333C8-BBE8-4008-9E83-B41D495805F8}"
EndProject
Project("{9A19103F-16F7-4668-BE54-9A1E7A4F7556}") = "SystemHelpers", "SystemHelpers\SystemHelpers.csproj", "{B1FA639B-D5E0-4AD6-9C4F-5954DEEF881C}"
EndProject
Global
	GlobalSection(SolutionConfigurationPlatforms) = preSolution
		Debug|Any CPU = Debug|Any CPU
		Debug|ARM64 = Debug|ARM64
		Debug|x64 = Debug|x64
		Debug|x86 = Debug|x86
		Release|Any CPU = Release|Any CPU
		Release|ARM64 = Release|ARM64
		Release|x64 = Release|x64
		Release|x86 = Release|x86
	EndGlobalSection
	GlobalSection(ProjectConfigurationPlatforms) = postSolution
		{85B8F53B-20E8-4BBA-A9EB-BA7401CB20BB}.Debug|Any CPU.ActiveCfg = Debug|x64
		{85B8F53B-20E8-4BBA-A9EB-BA7401CB20BB}.Debug|Any CPU.Build.0 = Debug|x64
		{85B8F53B-20E8-4BBA-A9EB-BA7401CB20BB}.Debug|Any CPU.Deploy.0 = Debug|x64
		{85B8F53B-20E8-4BBA-A9EB-BA7401CB20BB}.Debug|ARM64.ActiveCfg = Debug|ARM64
		{85B8F53B-20E8-4BBA-A9EB-BA7401CB20BB}.Debug|ARM64.Build.0 = Debug|ARM64
		{85B8F53B-20E8-4BBA-A9EB-BA7401CB20BB}.Debug|ARM64.Deploy.0 = Debug|ARM64
		{85B8F53B-20E8-4BBA-A9EB-BA7401CB20BB}.Debug|x64.ActiveCfg = Debug|x64
		{85B8F53B-20E8-4BBA-A9EB-BA7401CB20BB}.Debug|x64.Build.0 = Debug|x64
		{85B8F53B-20E8-4BBA-A9EB-BA7401CB20BB}.Debug|x64.Deploy.0 = Debug|x64
		{85B8F53B-20E8-4BBA-A9EB-BA7401CB20BB}.Debug|x86.ActiveCfg = Debug|x86
		{85B8F53B-20E8-4BBA-A9EB-BA7401CB20BB}.Debug|x86.Build.0 = Debug|x86
		{85B8F53B-20E8-4BBA-A9EB-BA7401CB20BB}.Debug|x86.Deploy.0 = Debug|x86
		{85B8F53B-20E8-4BBA-A9EB-BA7401CB20BB}.Release|Any CPU.ActiveCfg = Release|x64
		{85B8F53B-20E8-4BBA-A9EB-BA7401CB20BB}.Release|Any CPU.Build.0 = Release|x64
		{85B8F53B-20E8-4BBA-A9EB-BA7401CB20BB}.Release|Any CPU.Deploy.0 = Release|x64
		{85B8F53B-20E8-4BBA-A9EB-BA7401CB20BB}.Release|ARM64.ActiveCfg = Release|ARM64
		{85B8F53B-20E8-4BBA-A9EB-BA7401CB20BB}.Release|ARM64.Build.0 = Release|ARM64
		{85B8F53B-20E8-4BBA-A9EB-BA7401CB20BB}.Release|ARM64.Deploy.0 = Release|ARM64
		{85B8F53B-20E8-4BBA-A9EB-BA7401CB20BB}.Release|x64.ActiveCfg = Release|x64
		{85B8F53B-20E8-4BBA-A9EB-BA7401CB20BB}.Release|x64.Build.0 = Release|x64
		{85B8F53B-20E8-4BBA-A9EB-BA7401CB20BB}.Release|x64.Deploy.0 = Release|x64
		{85B8F53B-20E8-4BBA-A9EB-BA7401CB20BB}.Release|x86.ActiveCfg = Release|x86
		{85B8F53B-20E8-4BBA-A9EB-BA7401CB20BB}.Release|x86.Build.0 = Release|x86
		{85B8F53B-20E8-4BBA-A9EB-BA7401CB20BB}.Release|x86.Deploy.0 = Release|x86
		{B1D2093B-CAF5-4776-BC36-CD94D65A4645}.Debug|Any CPU.ActiveCfg = Debug|Any CPU
		{B1D2093B-CAF5-4776-BC36-CD94D65A4645}.Debug|Any CPU.Build.0 = Debug|Any CPU
		{B1D2093B-CAF5-4776-BC36-CD94D65A4645}.Debug|ARM64.ActiveCfg = Debug|Any CPU
		{B1D2093B-CAF5-4776-BC36-CD94D65A4645}.Debug|ARM64.Build.0 = Debug|Any CPU
		{B1D2093B-CAF5-4776-BC36-CD94D65A4645}.Debug|x64.ActiveCfg = Debug|Any CPU
		{B1D2093B-CAF5-4776-BC36-CD94D65A4645}.Debug|x64.Build.0 = Debug|Any CPU
		{B1D2093B-CAF5-4776-BC36-CD94D65A4645}.Debug|x86.ActiveCfg = Debug|Any CPU
		{B1D2093B-CAF5-4776-BC36-CD94D65A4645}.Debug|x86.Build.0 = Debug|Any CPU
		{B1D2093B-CAF5-4776-BC36-CD94D65A4645}.Release|Any CPU.ActiveCfg = Release|Any CPU
		{B1D2093B-CAF5-4776-BC36-CD94D65A4645}.Release|Any CPU.Build.0 = Release|Any CPU
		{B1D2093B-CAF5-4776-BC36-CD94D65A4645}.Release|ARM64.ActiveCfg = Release|Any CPU
		{B1D2093B-CAF5-4776-BC36-CD94D65A4645}.Release|ARM64.Build.0 = Release|Any CPU
		{B1D2093B-CAF5-4776-BC36-CD94D65A4645}.Release|x64.ActiveCfg = Release|Any CPU
		{B1D2093B-CAF5-4776-BC36-CD94D65A4645}.Release|x64.Build.0 = Release|Any CPU
		{B1D2093B-CAF5-4776-BC36-CD94D65A4645}.Release|x86.ActiveCfg = Release|Any CPU
		{B1D2093B-CAF5-4776-BC36-CD94D65A4645}.Release|x86.Build.0 = Release|Any CPU
		{77283EA1-A1E2-449A-A90B-3740AF7367F4}.Debug|Any CPU.ActiveCfg = Debug|Any CPU
		{77283EA1-A1E2-449A-A90B-3740AF7367F4}.Debug|Any CPU.Build.0 = Debug|Any CPU
		{77283EA1-A1E2-449A-A90B-3740AF7367F4}.Debug|ARM64.ActiveCfg = Debug|Any CPU
		{77283EA1-A1E2-449A-A90B-3740AF7367F4}.Debug|ARM64.Build.0 = Debug|Any CPU
		{77283EA1-A1E2-449A-A90B-3740AF7367F4}.Debug|x64.ActiveCfg = Debug|Any CPU
		{77283EA1-A1E2-449A-A90B-3740AF7367F4}.Debug|x64.Build.0 = Debug|Any CPU
		{77283EA1-A1E2-449A-A90B-3740AF7367F4}.Debug|x86.ActiveCfg = Debug|Any CPU
		{77283EA1-A1E2-449A-A90B-3740AF7367F4}.Debug|x86.Build.0 = Debug|Any CPU
		{77283EA1-A1E2-449A-A90B-3740AF7367F4}.Release|Any CPU.ActiveCfg = Release|Any CPU
		{77283EA1-A1E2-449A-A90B-3740AF7367F4}.Release|Any CPU.Build.0 = Release|Any CPU
		{77283EA1-A1E2-449A-A90B-3740AF7367F4}.Release|ARM64.ActiveCfg = Release|Any CPU
		{77283EA1-A1E2-449A-A90B-3740AF7367F4}.Release|ARM64.Build.0 = Release|Any CPU
		{77283EA1-A1E2-449A-A90B-3740AF7367F4}.Release|x64.ActiveCfg = Release|Any CPU
		{77283EA1-A1E2-449A-A90B-3740AF7367F4}.Release|x64.Build.0 = Release|Any CPU
		{77283EA1-A1E2-449A-A90B-3740AF7367F4}.Release|x86.ActiveCfg = Release|Any CPU
		{77283EA1-A1E2-449A-A90B-3740AF7367F4}.Release|x86.Build.0 = Release|Any CPU
		{9FFD1C15-BBAB-498B-BED3-B186B739FE23}.Debug|Any CPU.ActiveCfg = Debug|Any CPU
		{9FFD1C15-BBAB-498B-BED3-B186B739FE23}.Debug|Any CPU.Build.0 = Debug|Any CPU
		{9FFD1C15-BBAB-498B-BED3-B186B739FE23}.Debug|ARM64.ActiveCfg = Debug|Any CPU
		{9FFD1C15-BBAB-498B-BED3-B186B739FE23}.Debug|ARM64.Build.0 = Debug|Any CPU
		{9FFD1C15-BBAB-498B-BED3-B186B739FE23}.Debug|x64.ActiveCfg = Debug|x64
		{9FFD1C15-BBAB-498B-BED3-B186B739FE23}.Debug|x64.Build.0 = Debug|x64
		{9FFD1C15-BBAB-498B-BED3-B186B739FE23}.Debug|x86.ActiveCfg = Debug|Any CPU
		{9FFD1C15-BBAB-498B-BED3-B186B739FE23}.Debug|x86.Build.0 = Debug|Any CPU
		{9FFD1C15-BBAB-498B-BED3-B186B739FE23}.Release|Any CPU.ActiveCfg = Release|Any CPU
		{9FFD1C15-BBAB-498B-BED3-B186B739FE23}.Release|Any CPU.Build.0 = Release|Any CPU
		{9FFD1C15-BBAB-498B-BED3-B186B739FE23}.Release|ARM64.ActiveCfg = Release|Any CPU
		{9FFD1C15-BBAB-498B-BED3-B186B739FE23}.Release|ARM64.Build.0 = Release|Any CPU
		{9FFD1C15-BBAB-498B-BED3-B186B739FE23}.Release|x64.ActiveCfg = Release|x64
		{9FFD1C15-BBAB-498B-BED3-B186B739FE23}.Release|x64.Build.0 = Release|x64
		{9FFD1C15-BBAB-498B-BED3-B186B739FE23}.Release|x86.ActiveCfg = Release|Any CPU
		{9FFD1C15-BBAB-498B-BED3-B186B739FE23}.Release|x86.Build.0 = Release|Any CPU
		{CA3333C8-BBE8-4008-9E83-B41D495805F8}.Debug|Any CPU.ActiveCfg = Debug|Any CPU
		{CA3333C8-BBE8-4008-9E83-B41D495805F8}.Debug|Any CPU.Build.0 = Debug|Any CPU
		{CA3333C8-BBE8-4008-9E83-B41D495805F8}.Debug|ARM64.ActiveCfg = Debug|Any CPU
		{CA3333C8-BBE8-4008-9E83-B41D495805F8}.Debug|ARM64.Build.0 = Debug|Any CPU
		{CA3333C8-BBE8-4008-9E83-B41D495805F8}.Debug|x64.ActiveCfg = Debug|Any CPU
		{CA3333C8-BBE8-4008-9E83-B41D495805F8}.Debug|x64.Build.0 = Debug|Any CPU
		{CA3333C8-BBE8-4008-9E83-B41D495805F8}.Debug|x86.ActiveCfg = Debug|Any CPU
		{CA3333C8-BBE8-4008-9E83-B41D495805F8}.Debug|x86.Build.0 = Debug|Any CPU
		{CA3333C8-BBE8-4008-9E83-B41D495805F8}.Release|Any CPU.ActiveCfg = Release|Any CPU
		{CA3333C8-BBE8-4008-9E83-B41D495805F8}.Release|Any CPU.Build.0 = Release|Any CPU
		{CA3333C8-BBE8-4008-9E83-B41D495805F8}.Release|ARM64.ActiveCfg = Release|Any CPU
		{CA3333C8-BBE8-4008-9E83-B41D495805F8}.Release|ARM64.Build.0 = Release|Any CPU
		{CA3333C8-BBE8-4008-9E83-B41D495805F8}.Release|x64.ActiveCfg = Release|Any CPU
		{CA3333C8-BBE8-4008-9E83-B41D495805F8}.Release|x64.Build.0 = Release|Any CPU
		{CA3333C8-BBE8-4008-9E83-B41D495805F8}.Release|x86.ActiveCfg = Release|Any CPU
		{CA3333C8-BBE8-4008-9E83-B41D495805F8}.Release|x86.Build.0 = Release|Any CPU
		{B1FA639B-D5E0-4AD6-9C4F-5954DEEF881C}.Debug|Any CPU.ActiveCfg = Debug|Any CPU
		{B1FA639B-D5E0-4AD6-9C4F-5954DEEF881C}.Debug|Any CPU.Build.0 = Debug|Any CPU
		{B1FA639B-D5E0-4AD6-9C4F-5954DEEF881C}.Debug|ARM64.ActiveCfg = Debug|Any CPU
		{B1FA639B-D5E0-4AD6-9C4F-5954DEEF881C}.Debug|ARM64.Build.0 = Debug|Any CPU
		{B1FA639B-D5E0-4AD6-9C4F-5954DEEF881C}.Debug|x64.ActiveCfg = Debug|x64
		{B1FA639B-D5E0-4AD6-9C4F-5954DEEF881C}.Debug|x64.Build.0 = Debug|x64
		{B1FA639B-D5E0-4AD6-9C4F-5954DEEF881C}.Debug|x86.ActiveCfg = Debug|Any CPU
		{B1FA639B-D5E0-4AD6-9C4F-5954DEEF881C}.Debug|x86.Build.0 = Debug|Any CPU
		{B1FA639B-D5E0-4AD6-9C4F-5954DEEF881C}.Release|Any CPU.ActiveCfg = Release|Any CPU
		{B1FA639B-D5E0-4AD6-9C4F-5954DEEF881C}.Release|Any CPU.Build.0 = Release|Any CPU
		{B1FA639B-D5E0-4AD6-9C4F-5954DEEF881C}.Release|ARM64.ActiveCfg = Release|Any CPU
		{B1FA639B-D5E0-4AD6-9C4F-5954DEEF881C}.Release|ARM64.Build.0 = Release|Any CPU
		{B1FA639B-D5E0-4AD6-9C4F-5954DEEF881C}.Release|x64.ActiveCfg = Release|x64
		{B1FA639B-D5E0-4AD6-9C4F-5954DEEF881C}.Release|x64.Build.0 = Release|x64
		{B1FA639B-D5E0-4AD6-9C4F-5954DEEF881C}.Release|x86.ActiveCfg = Release|Any CPU
		{B1FA639B-D5E0-4AD6-9C4F-5954DEEF881C}.Release|x86.Build.0 = Release|Any CPU
	EndGlobalSection
	GlobalSection(SolutionProperties) = preSolution
		HideSolutionNode = FALSE
	EndGlobalSection
	GlobalSection(ExtensibilityGlobals) = postSolution
		SolutionGuid = {DF6A9F50-21CB-4671-9549-937CD11B3AB3}
	EndGlobalSection
EndGlobal
